
Microsoft Visual Studio Solution File, Format Version 12.00
# Visual Studio Version 17
VisualStudioVersion = 17.2.32526.322
MinimumVisualStudioVersion = 10.0.40219.1
Project("{9A19103F-16F7-4668-BE54-9A1E7A4F7556}") = "MCV.Test.API", "MCV.Test.API\MCV.Test.API.csproj", "{56965900-7D45-4114-AF87-C34FDA532DB2}"
EndProject
Project("{FAE04EC0-301F-11D3-BF4B-00C04F79EFBC}") = "MCV.Test.MVC", "MCV.Test.MVC\MCV.Test.MVC.csproj", "{E24E5478-9487-4D88-A179-626C62D01A53}"
EndProject
Global
	GlobalSection(SolutionConfigurationPlatforms) = preSolution
		Debug|Any CPU = Debug|Any CPU
		Release|Any CPU = Release|Any CPU
	EndGlobalSection
	GlobalSection(ProjectConfigurationPlatforms) = postSolution
		{56965900-7D45-4114-AF87-C34FDA532DB2}.Debug|Any CPU.ActiveCfg = Debug|Any CPU
		{56965900-7D45-4114-AF87-C34FDA532DB2}.Debug|Any CPU.Build.0 = Debug|Any CPU
		{56965900-7D45-4114-AF87-C34FDA532DB2}.Release|Any CPU.ActiveCfg = Release|Any CPU
		{56965900-7D45-4114-AF87-C34FDA532DB2}.Release|Any CPU.Build.0 = Release|Any CPU
		{E24E5478-9487-4D88-A179-626C62D01A53}.Debug|Any CPU.ActiveCfg = Debug|Any CPU
		{E24E5478-9487-4D88-A179-626C62D01A53}.Debug|Any CPU.Build.0 = Debug|Any CPU
		{E24E5478-9487-4D88-A179-626C62D01A53}.Release|Any CPU.ActiveCfg = Release|Any CPU
		{E24E5478-9487-4D88-A179-626C62D01A53}.Release|Any CPU.Build.0 = Release|Any CPU
	EndGlobalSection
	GlobalSection(SolutionProperties) = preSolution
		HideSolutionNode = FALSE
	EndGlobalSection
	GlobalSection(ExtensibilityGlobals) = postSolution
		SolutionGuid = {6E513A5A-A163-467A-8335-E13A193A2642}
	EndGlobalSection
EndGlobal
